
Microsoft Visual Studio Solution File, Format Version 12.00
# Visual Studio 15
Project("{FAE04EC0-301F-11D3-BF4B-00C04F79EFBC}") = "Gun Box", "Assembly-CSharp.csproj", "{7680A79F-3739-F780-D80E-BECAE3DACE56}"
EndProject
Global
	GlobalSection(SolutionConfigurationPlatforms) = preSolution
		Debug|Any CPU = Debug|Any CPU
		Release|Any CPU = Release|Any CPU
	EndGlobalSection
	GlobalSection(ProjectConfigurationPlatforms) = postSolution
		{7680A79F-3739-F780-D80E-BECAE3DACE56}.Debug|Any CPU.ActiveCfg = Debug|Any CPU
		{7680A79F-3739-F780-D80E-BECAE3DACE56}.Debug|Any CPU.Build.0 = Debug|Any CPU
		{7680A79F-3739-F780-D80E-BECAE3DACE56}.Release|Any CPU.ActiveCfg = Release|Any CPU
		{7680A79F-3739-F780-D80E-BECAE3DACE56}.Release|Any CPU.Build.0 = Release|Any CPU
	EndGlobalSection
	GlobalSection(SolutionProperties) = preSolution
		HideSolutionNode = FALSE
	EndGlobalSection
EndGlobal
