
Microsoft Visual Studio Solution File, Format Version 12.00
# Visual Studio 15
Project("{FAE04EC0-301F-11D3-BF4B-00C04F79EFBC}") = "Space Game 2D", "Assembly-CSharp.csproj", "{817F4D8F-CAC7-984E-CC7B-CC979DE24DBA}"
EndProject
Global
	GlobalSection(SolutionConfigurationPlatforms) = preSolution
		Debug|Any CPU = Debug|Any CPU
		Release|Any CPU = Release|Any CPU
	EndGlobalSection
	GlobalSection(ProjectConfigurationPlatforms) = postSolution
		{817F4D8F-CAC7-984E-CC7B-CC979DE24DBA}.Debug|Any CPU.ActiveCfg = Debug|Any CPU
		{817F4D8F-CAC7-984E-CC7B-CC979DE24DBA}.Debug|Any CPU.Build.0 = Debug|Any CPU
		{817F4D8F-CAC7-984E-CC7B-CC979DE24DBA}.Release|Any CPU.ActiveCfg = Release|Any CPU
		{817F4D8F-CAC7-984E-CC7B-CC979DE24DBA}.Release|Any CPU.Build.0 = Release|Any CPU
	EndGlobalSection
	GlobalSection(SolutionProperties) = preSolution
		HideSolutionNode = FALSE
	EndGlobalSection
EndGlobal
